
Microsoft Visual Studio Solution File, Format Version 12.00
# Visual Studio Version 17
VisualStudioVersion = 17.2.32630.192
MinimumVisualStudioVersion = 10.0.40219.1
Project("{FAE04EC0-301F-11D3-BF4B-00C04F79EFBC}") = "ConsoleApp10", "ConsoleApp10\ConsoleApp10.csproj", "{A726C421-A9D6-4369-BF57-D5206CE67F13}"
EndProject
Global
	GlobalSection(SolutionConfigurationPlatforms) = preSolution
		Debug|Any CPU = Debug|Any CPU
		Release|Any CPU = Release|Any CPU
	EndGlobalSection
	GlobalSection(ProjectConfigurationPlatforms) = postSolution
		{A726C421-A9D6-4369-BF57-D5206CE67F13}.Debug|Any CPU.ActiveCfg = Debug|Any CPU
		{A726C421-A9D6-4369-BF57-D5206CE67F13}.Debug|Any CPU.Build.0 = Debug|Any CPU
		{A726C421-A9D6-4369-BF57-D5206CE67F13}.Release|Any CPU.ActiveCfg = Release|Any CPU
		{A726C421-A9D6-4369-BF57-D5206CE67F13}.Release|Any CPU.Build.0 = Release|Any CPU
	EndGlobalSection
	GlobalSection(SolutionProperties) = preSolution
		HideSolutionNode = FALSE
	EndGlobalSection
	GlobalSection(ExtensibilityGlobals) = postSolution
		SolutionGuid = {9BF05E31-C2E5-499A-94B6-9995F4DC0A84}
	EndGlobalSection
EndGlobal
